github.com/esimov/caire v1.1.0 h1:y05CiLMAVKf/T7DbhDAwurX6yhy1RfJTCG9l/q7vAJ8=
github.com/esimov/caire v1.1.0/go.mod h1:HsdwyHtW9YsuapCm3BgJMJ21j1iJb4sTzc0RvlDZYjY=
github.com/esimov/pigo v1.0.3 h1:3IaT6d0CwjBjoTnufVOnrNdLPzDYWZHyXwfm66JdYEo=
github.com/esimov/pigo v1.0.3/go.mod h1:/weGpc3orB7x946PS43s7thO/9xQzjQyc4ZFU4kkUCo=
github.com/flosch/pongo2 v0.0.0-20180809100617-24195e6d38b0 h1:ZHx2BEERvWkuwuE7qWN9TuRxucHDH2JrsvneZjVJfo0=
github.com/flosch/pongo2 v0.0.0-20180809100617-24195e6d38b0/go.mod h1:rE0ErqqBaMcp9pzj8JxV1GcfDBpuypXYxlR1c37AUwg=
github.com/juju/errors v0.0.0-20180806074554-22422dad46e1 h1:wnhMXidtb70kDZCeLt/EfsVtkXS5c8zLnE9y/6DIRAU=
github.com/juju/errors v0.0.0-20180806074554-22422dad46e1/go.mod h1:W54LbzXuIE0boCoNJfwqpmkKJ1O4TCTZMetAt6jGk7Q=
github.com/nfnt/resize v0.0.0-20180221191011-83c6a9932646 h1:zYyBkD/k9seD2A7fsi6Oo2LfFZAehjjQMERAvZLEDnQ=
github.com/nfnt/resize v0.0.0-20180221191011-83c6a9932646/go.mod h1:jpp1/29i3P1S/RLdc7JQKbRpFeM1dOBd8T9ki5s+AY8=
github.com/pkg/errors v0.8.0 h1:WdK/asTD0HN+q6hsWO3/vpuAkAr+tw6aNJNDFFf0+qw=
github.com/pkg/errors v0.8.0/go.mod h1:bwawxfHBFNV+L2hUp1rHADufV3IMtnDRdf1r5NINEl0=
golang.org/x/image v0.0.0-20180708004352-c73c2afc3b81 h1:00VmoueYNlNz/aHIilyyQz/MHSqGoWJzpFv/HW8xpzI=
golang.org/x/image v0.0.0-20180708004352-c73c2afc3b81/go.mod h1:ux5Hcp/YLpHSI86hEcLt0YII63i6oz57MZXIpbrjZUs=
golang.org/x/tools v0.0.0-20180910180008-18207bb12d3a h1:WXznwrGNXJbNBFNxyOj4S7ODVSD4SBZPRm2A97cySQQ=
golang.org/x/tools v0.0.0-20180910180008-18207bb12d3a/go.mod h1:n7NCudcB/nEzxVGmLbDWY5pfWTLqBcC2KZ6jyYvM4mQ=
golang.org/x/tools v0.0.0-20180911133044-677d2ff680c1 h1:dzEuQYa6+a3gROnSlgly5ERUm4SZKJt+dh+4iSbO+bI=
golang.org/x/tools v0.0.0-20180911133044-677d2ff680c1/go.mod h1:n7NCudcB/nEzxVGmLbDWY5pfWTLqBcC2KZ6jyYvM4mQ=
